
Microsoft Visual Studio Solution File, Format Version 12.00
# Visual Studio Version 17
VisualStudioVersion = 17.11.35327.3
MinimumVisualStudioVersion = 10.0.40219.1
Project("{9A19103F-16F7-4668-BE54-9A1E7A4F7556}") = "Table4U", "Table4U.csproj", "{AA56DBCF-B9F4-4AA3-B410-4184D2E929D4}"
EndProject
Global
	GlobalSection(SolutionConfigurationPlatforms) = preSolution
		Debug|Any CPU = Debug|Any CPU
		Release|Any CPU = Release|Any CPU
	EndGlobalSection
	GlobalSection(ProjectConfigurationPlatforms) = postSolution
		{AA56DBCF-B9F4-4AA3-B410-4184D2E929D4}.Debug|Any CPU.ActiveCfg = Debug|Any CPU
		{AA56DBCF-B9F4-4AA3-B410-4184D2E929D4}.Debug|Any CPU.Build.0 = Debug|Any CPU
		{AA56DBCF-B9F4-4AA3-B410-4184D2E929D4}.Release|Any CPU.ActiveCfg = Release|Any CPU
		{AA56DBCF-B9F4-4AA3-B410-4184D2E929D4}.Release|Any CPU.Build.0 = Release|Any CPU
	EndGlobalSection
	GlobalSection(SolutionProperties) = preSolution
		HideSolutionNode = FALSE
	EndGlobalSection
	GlobalSection(ExtensibilityGlobals) = postSolution
		SolutionGuid = {8217F84D-6031-4A1B-ADB4-A614CAF3FBAE}
	EndGlobalSection
EndGlobal
